
Microsoft Visual Studio Solution File, Format Version 12.00
# Visual Studio Version 17
VisualStudioVersion = 17.3.32929.385
MinimumVisualStudioVersion = 10.0.40219.1
Project("{FAE04EC0-301F-11D3-BF4B-00C04F79EFBC}") = "ConvertMultipleFilesIntoZip", "ConvertMultipleFilesIntoZip\ConvertMultipleFilesIntoZip.csproj", "{BD8AB81B-6616-4D6F-8FD0-2E40431ED4B1}"
EndProject
Global
	GlobalSection(SolutionConfigurationPlatforms) = preSolution
		Debug|Any CPU = Debug|Any CPU
		Release|Any CPU = Release|Any CPU
	EndGlobalSection
	GlobalSection(ProjectConfigurationPlatforms) = postSolution
		{BD8AB81B-6616-4D6F-8FD0-2E40431ED4B1}.Debug|Any CPU.ActiveCfg = Debug|Any CPU
		{BD8AB81B-6616-4D6F-8FD0-2E40431ED4B1}.Debug|Any CPU.Build.0 = Debug|Any CPU
		{BD8AB81B-6616-4D6F-8FD0-2E40431ED4B1}.Release|Any CPU.ActiveCfg = Release|Any CPU
		{BD8AB81B-6616-4D6F-8FD0-2E40431ED4B1}.Release|Any CPU.Build.0 = Release|Any CPU
	EndGlobalSection
	GlobalSection(SolutionProperties) = preSolution
		HideSolutionNode = FALSE
	EndGlobalSection
	GlobalSection(ExtensibilityGlobals) = postSolution
		SolutionGuid = {A5F9DA17-001B-4274-8EB2-F36C337C485A}
	EndGlobalSection
EndGlobal
